
Microsoft Visual Studio Solution File, Format Version 12.00
# Visual Studio 14
VisualStudioVersion = 14.0.23107.0
MinimumVisualStudioVersion = 10.0.40219.1
Project("{FAE04EC0-301F-11D3-BF4B-00C04F79EFBC}") = "02350AdvancedDemo", "02350AdvancedDemo\02350AdvancedDemo.csproj", "{32E13EF3-34D5-4367-B4D2-5650E6FFD982}"
EndProject
Project("{FAE04EC0-301F-11D3-BF4B-00C04F79EFBC}") = "02350AdvancedDemo.Model", "02350AdvancedDemo.Model\02350AdvancedDemo.Model.csproj", "{D8F74C64-3EEA-490B-A86B-78D1D2894E76}"
EndProject
Global
	GlobalSection(SolutionConfigurationPlatforms) = preSolution
		Debug|Any CPU = Debug|Any CPU
		Release|Any CPU = Release|Any CPU
	EndGlobalSection
	GlobalSection(ProjectConfigurationPlatforms) = postSolution
		{32E13EF3-34D5-4367-B4D2-5650E6FFD982}.Debug|Any CPU.ActiveCfg = Debug|Any CPU
		{32E13EF3-34D5-4367-B4D2-5650E6FFD982}.Debug|Any CPU.Build.0 = Debug|Any CPU
		{32E13EF3-34D5-4367-B4D2-5650E6FFD982}.Release|Any CPU.ActiveCfg = Release|Any CPU
		{32E13EF3-34D5-4367-B4D2-5650E6FFD982}.Release|Any CPU.Build.0 = Release|Any CPU
		{D8F74C64-3EEA-490B-A86B-78D1D2894E76}.Debug|Any CPU.ActiveCfg = Debug|Any CPU
		{D8F74C64-3EEA-490B-A86B-78D1D2894E76}.Debug|Any CPU.Build.0 = Debug|Any CPU
		{D8F74C64-3EEA-490B-A86B-78D1D2894E76}.Release|Any CPU.ActiveCfg = Release|Any CPU
		{D8F74C64-3EEA-490B-A86B-78D1D2894E76}.Release|Any CPU.Build.0 = Release|Any CPU
	EndGlobalSection
	GlobalSection(SolutionProperties) = preSolution
		HideSolutionNode = FALSE
	EndGlobalSection
	GlobalSection(TeamFoundationVersionControl) = preSolution
		SccNumberOfProjects = 3
		SccEnterpriseProvider = {4CA58AB2-18FA-4F8D-95D4-32DDF27D184C}
		SccTeamFoundationServer = https://bopetersen.visualstudio.com/defaultcollection
		SccLocalPath0 = .
		SccProjectUniqueName1 = 02350AdvancedDemo\\02350AdvancedDemo.csproj
		SccProjectName1 = 02350AdvancedDemo
		SccLocalPath1 = 02350AdvancedDemo
		SccProjectUniqueName2 = 02350AdvancedDemo.Model\\02350AdvancedDemo.Model.csproj
		SccProjectName2 = 02350AdvancedDemo.Model
		SccLocalPath2 = 02350AdvancedDemo.Model
	EndGlobalSection
EndGlobal
